// !$*UTF8*$!
{
	archiveVersion = 1;
	classes = {
	};
	objectVersion = 56;
	objects = {

/* Begin PBXBuildFile section */
		227B2CCA2A98B2D400F36410 /* AppDelegate.swift in Sources */ = {isa = PBXBuildFile; fileRef = 227B2CC92A98B2D400F36410 /* AppDelegate.swift */; };
		227B2CCC2A98B2D400F36410 /* SceneDelegate.swift in Sources */ = {isa = PBXBuildFile; fileRef = 227B2CCB2A98B2D400F36410 /* SceneDelegate.swift */; };
		227B2CCE2A98B2D400F36410 /* ViewController.swift in Sources */ = {isa = PBXBuildFile; fileRef = 227B2CCD2A98B2D400F36410 /* ViewController.swift */; };
		227B2CD12A98B2D400F36410 /* Main.storyboard in Resources */ = {isa = PBXBuildFile; fileRef = 227B2CCF2A98B2D400F36410 /* Main.storyboard */; };
		227B2CD32A98B2D500F36410 /* Assets.xcassets in Resources */ = {isa = PBXBuildFile; fileRef = 227B2CD22A98B2D500F36410 /* Assets.xcassets */; };
		227B2CD62A98B2D500F36410 /* LaunchScreen.storyboard in Resources */ = {isa = PBXBuildFile; fileRef = 227B2CD42A98B2D500F36410 /* LaunchScreen.storyboard */; };
		227B2CE12A98B2D500F36410 /* FirebaseAPPNewTests.swift in Sources */ = {isa = PBXBuildFile; fileRef = 227B2CE02A98B2D500F36410 /* FirebaseAPPNewTests.swift */; };
		227B2CEB2A98B2D500F36410 /* FirebaseAPPNewUITests.swift in Sources */ = {isa = PBXBuildFile; fileRef = 227B2CEA2A98B2D500F36410 /* FirebaseAPPNewUITests.swift */; };
		227B2CED2A98B2D500F36410 /* FirebaseAPPNewUITestsLaunchTests.swift in Sources */ = {isa = PBXBuildFile; fileRef = 227B2CEC2A98B2D500F36410 /* FirebaseAPPNewUITestsLaunchTests.swift */; };
/* End PBXBuildFile section */

/* Begin PBXContainerItemProxy section */
		227B2CDD2A98B2D500F36410 /* PBXContainerItemProxy */ = {
			isa = PBXContainerItemProxy;
			containerPortal = 227B2CBE2A98B2D400F36410 /* Project object */;
			proxyType = 1;
			remoteGlobalIDString = 227B2CC52A98B2D400F36410;
			remoteInfo = FirebaseAPPNew;
		};
		227B2CE72A98B2D500F36410 /* PBXContainerItemProxy */ = {
			isa = PBXContainerItemProxy;
			containerPortal = 227B2CBE2A98B2D400F36410 /* Project object */;
			proxyType = 1;
			remoteGlobalIDString = 227B2CC52A98B2D400F36410;
			remoteInfo = FirebaseAPPNew;
		};
/* End PBXContainerItemProxy section */

/* Begin PBXFileReference section */
		227B2CC62A98B2D400F36410 /* FirebaseAPPNew.app */ = {isa = PBXFileReference; explicitFileType = wrapper.application; includeInIndex = 0; path = FirebaseAPPNew.app; sourceTree = BUILT_PRODUCTS_DIR; };
		227B2CC92A98B2D400F36410 /* AppDelegate.swift */ = {isa = PBXFileReference; lastKnownFileType = sourcecode.swift; path = AppDelegate.swift; sourceTree = "<group>"; };
		227B2CCB2A98B2D400F36410 /* SceneDelegate.swift */ = {isa = PBXFileReference; lastKnownFileType = sourcecode.swift; path = SceneDelegate.swift; sourceTree = "<group>"; };
		227B2CCD2A98B2D400F36410 /* ViewController.swift */ = {isa = PBXFileReference; lastKnownFileType = sourcecode.swift; path = ViewController.swift; sourceTree = "<group>"; };
		227B2CD02A98B2D400F36410 /* Base */ = {isa = PBXFileReference; lastKnownFileType = file.storyboard; name = Base; path = Base.lproj/Main.storyboard; sourceTree = "<group>"; };
		227B2CD22A98B2D500F36410 /* Assets.xcassets */ = {isa = PBXFileReference; lastKnownFileType = folder.assetcatalog; path = Assets.xcassets; sourceTree = "<group>"; };
		227B2CD52A98B2D500F36410 /* Base */ = {isa = PBXFileReference; lastKnownFileType = file.storyboard; name = Base; path = Base.lproj/LaunchScreen.storyboard; sourceTree = "<group>"; };
		227B2CD72A98B2D500F36410 /* Info.plist */ = {isa = PBXFileReference; lastKnownFileType = text.plist.xml; path = Info.plist; sourceTree = "<group>"; };
		227B2CDC2A98B2D500F36410 /* FirebaseAPPNewTests.xctest */ = {isa = PBXFileReference; explicitFileType = wrapper.cfbundle; includeInIndex = 0; path = FirebaseAPPNewTests.xctest; sourceTree = BUILT_PRODUCTS_DIR; };
		227B2CE02A98B2D500F36410 /* FirebaseAPPNewTests.swift */ = {isa = PBXFileReference; lastKnownFileType = sourcecode.swift; path = FirebaseAPPNewTests.swift; sourceTree = "<group>"; };
		227B2CE62A98B2D500F36410 /* FirebaseAPPNewUITests.xctest */ = {isa = PBXFileReference; explicitFileType = wrapper.cfbundle; includeInIndex = 0; path = FirebaseAPPNewUITests.xctest; sourceTree = BUILT_PRODUCTS_DIR; };
		227B2CEA2A98B2D500F36410 /* FirebaseAPPNewUITests.swift */ = {isa = PBXFileReference; lastKnownFileType = sourcecode.swift; path = FirebaseAPPNewUITests.swift; sourceTree = "<group>"; };
		227B2CEC2A98B2D500F36410 /* FirebaseAPPNewUITestsLaunchTests.swift */ = {isa = PBXFileReference; lastKnownFileType = sourcecode.swift; path = FirebaseAPPNewUITestsLaunchTests.swift; sourceTree = "<group>"; };
/* End PBXFileReference section */

/* Begin PBXFrameworksBuildPhase section */
		227B2CC32A98B2D400F36410 /* Frameworks */ = {
			isa = PBXFrameworksBuildPhase;
			buildActionMask = 2147483647;
			files = (
			);
			runOnlyForDeploymentPostprocessing = 0;
		};
		227B2CD92A98B2D500F36410 /* Frameworks */ = {
			isa = PBXFrameworksBuildPhase;
			buildActionMask = 2147483647;
			files = (
			);
			runOnlyForDeploymentPostprocessing = 0;
		};
		227B2CE32A98B2D500F36410 /* Frameworks */ = {
			isa = PBXFrameworksBuildPhase;
			buildActionMask = 2147483647;
			files = (
			);
			runOnlyForDeploymentPostprocessing = 0;
		};
/* End PBXFrameworksBuildPhase section */

/* Begin PBXGroup section */
		227B2CBD2A98B2D400F36410 = {
			isa = PBXGroup;
			children = (
				227B2CC82A98B2D400F36410 /* FirebaseAPPNew */,
				227B2CDF2A98B2D500F36410 /* FirebaseAPPNewTests */,
				227B2CE92A98B2D500F36410 /* FirebaseAPPNewUITests */,
				227B2CC72A98B2D400F36410 /* Products */,
			);
			sourceTree = "<group>";
		};
		227B2CC72A98B2D400F36410 /* Products */ = {
			isa = PBXGroup;
			children = (
				227B2CC62A98B2D400F36410 /* FirebaseAPPNew.app */,
				227B2CDC2A98B2D500F36410 /* FirebaseAPPNewTests.xctest */,
				227B2CE62A98B2D500F36410 /* FirebaseAPPNewUITests.xctest */,
			);
			name = Products;
			sourceTree = "<group>";
		};
		227B2CC82A98B2D400F36410 /* FirebaseAPPNew */ = {
			isa = PBXGroup;
			children = (
				227B2CC92A98B2D400F36410 /* AppDelegate.swift */,
				227B2CCB2A98B2D400F36410 /* SceneDelegate.swift */,
				227B2CCD2A98B2D400F36410 /* ViewController.swift */,
				227B2CCF2A98B2D400F36410 /* Main.storyboard */,
				227B2CD22A98B2D500F36410 /* Assets.xcassets */,
				227B2CD42A98B2D500F36410 /* LaunchScreen.storyboard */,
				227B2CD72A98B2D500F36410 /* Info.plist */,
			);
			path = FirebaseAPPNew;
			sourceTree = "<group>";
		};
		227B2CDF2A98B2D500F36410 /* FirebaseAPPNewTests */ = {
			isa = PBXGroup;
			children = (
				227B2CE02A98B2D500F36410 /* FirebaseAPPNewTests.swift */,
			);
			path = FirebaseAPPNewTests;
			sourceTree = "<group>";
		};
		227B2CE92A98B2D500F36410 /* FirebaseAPPNewUITests */ = {
			isa = PBXGroup;
			children = (
				227B2CEA2A98B2D500F36410 /* FirebaseAPPNewUITests.swift */,
				227B2CEC2A98B2D500F36410 /* FirebaseAPPNewUITestsLaunchTests.swift */,
			);
			path = FirebaseAPPNewUITests;
			sourceTree = "<group>";
		};
/* End PBXGroup section */

/* Begin PBXNativeTarget section */
		227B2CC52A98B2D400F36410 /* FirebaseAPPNew */ = {
			isa = PBXNativeTarget;
			buildConfigurationList = 227B2CF02A98B2D500F36410 /* Build configuration list for PBXNativeTarget "FirebaseAPPNew" */;
			buildPhases = (
				227B2CC22A98B2D400F36410 /* Sources */,
				227B2CC32A98B2D400F36410 /* Frameworks */,
				227B2CC42A98B2D400F36410 /* Resources */,
			);
			buildRules = (
			);
			dependencies = (
			);
			name = FirebaseAPPNew;
			productName = FirebaseAPPNew;
			productReference = 227B2CC62A98B2D400F36410 /* FirebaseAPPNew.app */;
			productType = "com.apple.product-type.application";
		};
		227B2CDB2A98B2D500F36410 /* FirebaseAPPNewTests */ = {
			isa = PBXNativeTarget;
			buildConfigurationList = 227B2CF32A98B2D500F36410 /* Build configuration list for PBXNativeTarget "FirebaseAPPNewTests" */;
			buildPhases = (
				227B2CD82A98B2D500F36410 /* Sources */,
				227B2CD92A98B2D500F36410 /* Frameworks */,
				227B2CDA2A98B2D500F36410 /* Resources */,
			);
			buildRules = (
			);
			dependencies = (
				227B2CDE2A98B2D500F36410 /* PBXTargetDependency */,
			);
			name = FirebaseAPPNewTests;
			productName = FirebaseAPPNewTests;
			productReference = 227B2CDC2A98B2D500F36410 /* FirebaseAPPNewTests.xctest */;
			productType = "com.apple.product-type.bundle.unit-test";
		};
		227B2CE52A98B2D500F36410 /* FirebaseAPPNewUITests */ = {
			isa = PBXNativeTarget;
			buildConfigurationList = 227B2CF62A98B2D500F36410 /* Build configuration list for PBXNativeTarget "FirebaseAPPNewUITests" */;
			buildPhases = (
				227B2CE22A98B2D500F36410 /* Sources */,
				227B2CE32A98B2D500F36410 /* Frameworks */,
				227B2CE42A98B2D500F36410 /* Resources */,
			);
			buildRules = (
			);
			dependencies = (
				227B2CE82A98B2D500F36410 /* PBXTargetDependency */,
			);
			name = FirebaseAPPNewUITests;
			productName = FirebaseAPPNewUITests;
			productReference = 227B2CE62A98B2D500F36410 /* FirebaseAPPNewUITests.xctest */;
			productType = "com.apple.product-type.bundle.ui-testing";
		};
/* End PBXNativeTarget section */

/* Begin PBXProject section */
		227B2CBE2A98B2D400F36410 /* Project object */ = {
			isa = PBXProject;
			attributes = {
				BuildIndependentTargetsInParallel = 1;
				LastSwiftUpdateCheck = 1430;
				LastUpgradeCheck = 1430;
				TargetAttributes = {
					227B2CC52A98B2D400F36410 = {
						CreatedOnToolsVersion = 14.3.1;
					};
					227B2CDB2A98B2D500F36410 = {
						CreatedOnToolsVersion = 14.3.1;
						TestTargetID = 227B2CC52A98B2D400F36410;
					};
					227B2CE52A98B2D500F36410 = {
						CreatedOnToolsVersion = 14.3.1;
						TestTargetID = 227B2CC52A98B2D400F36410;
					};
				};
			};
			buildConfigurationList = 227B2CC12A98B2D400F36410 /* Build configuration list for PBXProject "FirebaseAPPNew" */;
			compatibilityVersion = "Xcode 14.0";
			developmentRegion = en;
			hasScannedForEncodings = 0;
			knownRegions = (
				en,
				Base,
			);
			mainGroup = 227B2CBD2A98B2D400F36410;
			productRefGroup = 227B2CC72A98B2D400F36410 /* Products */;
			projectDirPath = "";
			projectRoot = "";
			targets = (
				227B2CC52A98B2D400F36410 /* FirebaseAPPNew */,
				227B2CDB2A98B2D500F36410 /* FirebaseAPPNewTests */,
				227B2CE52A98B2D500F36410 /* FirebaseAPPNewUITests */,
			);
		};
/* End PBXProject section */

/* Begin PBXResourcesBuildPhase section */
		227B2CC42A98B2D400F36410 /* Resources */ = {
			isa = PBXResourcesBuildPhase;
			buildActionMask = 2147483647;
			files = (
				227B2CD62A98B2D500F36410 /* LaunchScreen.storyboard in Resources */,
				227B2CD32A98B2D500F36410 /* Assets.xcassets in Resources */,
				227B2CD12A98B2D400F36410 /* Main.storyboard in Resources */,
			);
			runOnlyForDeploymentPostprocessing = 0;
		};
		227B2CDA2A98B2D500F36410 /* Resources */ = {
			isa = PBXResourcesBuildPhase;
			buildActionMask = 2147483647;
			files = (
			);
			runOnlyForDeploymentPostprocessing = 0;
		};
		227B2CE42A98B2D500F36410 /* Resources */ = {
			isa = PBXResourcesBuildPhase;
			buildActionMask = 2147483647;
			files = (
			);
			runOnlyForDeploymentPostprocessing = 0;
		};
/* End PBXResourcesBuildPhase section */

/* Begin PBXSourcesBuildPhase section */
		227B2CC22A98B2D400F36410 /* Sources */ = {
			isa = PBXSourcesBuildPhase;
			buildActionMask = 2147483647;
			files = (
				227B2CCE2A98B2D400F36410 /* ViewController.swift in Sources */,
				227B2CCA2A98B2D400F36410 /* AppDelegate.swift in Sources */,
				227B2CCC2A98B2D400F36410 /* SceneDelegate.swift in Sources */,
			);
			runOnlyForDeploymentPostprocessing = 0;
		};
		227B2CD82A98B2D500F36410 /* Sources */ = {
			isa = PBXSourcesBuildPhase;
			buildActionMask = 2147483647;
			files = (
				227B2CE12A98B2D500F36410 /* FirebaseAPPNewTests.swift in Sources */,
			);
			runOnlyForDeploymentPostprocessing = 0;
		};
		227B2CE22A98B2D500F36410 /* Sources */ = {
			isa = PBXSourcesBuildPhase;
			buildActionMask = 2147483647;
			files = (
				227B2CED2A98B2D500F36410 /* FirebaseAPPNewUITestsLaunchTests.swift in Sources */,
				227B2CEB2A98B2D500F36410 /* FirebaseAPPNewUITests.swift in Sources */,
			);
			runOnlyForDeploymentPostprocessing = 0;
		};
/* End PBXSourcesBuildPhase section */

/* Begin PBXTargetDependency section */
		227B2CDE2A98B2D500F36410 /* PBXTargetDependency */ = {
			isa = PBXTargetDependency;
			target = 227B2CC52A98B2D400F36410 /* FirebaseAPPNew */;
			targetProxy = 227B2CDD2A98B2D500F36410 /* PBXContainerItemProxy */;
		};
		227B2CE82A98B2D500F36410 /* PBXTargetDependency */ = {
			isa = PBXTargetDependency;
			target = 227B2CC52A98B2D400F36410 /* FirebaseAPPNew */;
			targetProxy = 227B2CE72A98B2D500F36410 /* PBXContainerItemProxy */;
		};
/* End PBXTargetDependency section */

/* Begin PBXVariantGroup section */
		227B2CCF2A98B2D400F36410 /* Main.storyboard */ = {
			isa = PBXVariantGroup;
			children = (
				227B2CD02A98B2D400F36410 /* Base */,
			);
			name = Main.storyboard;
			sourceTree = "<group>";
		};
		227B2CD42A98B2D500F36410 /* LaunchScreen.storyboard */ = {
			isa = PBXVariantGroup;
			children = (
				227B2CD52A98B2D500F36410 /* Base */,
			);
			name = LaunchScreen.storyboard;
			sourceTree = "<group>";
		};
/* End PBXVariantGroup section */

/* Begin XCBuildConfiguration section */
		227B2CEE2A98B2D500F36410 /* Debug */ = {
			isa = XCBuildConfiguration;
			buildSettings = {
				ALWAYS_SEARCH_USER_PATHS = NO;
				CLANG_ANALYZER_NONNULL = YES;
				CLANG_ANALYZER_NUMBER_OBJECT_CONVERSION = YES_AGGRESSIVE;
				CLANG_CXX_LANGUAGE_STANDARD = "gnu++20";
				CLANG_ENABLE_MODULES = YES;
				CLANG_ENABLE_OBJC_ARC = YES;
				CLANG_ENABLE_OBJC_WEAK = YES;
				CLANG_WARN_BLOCK_CAPTURE_AUTORELEASING = YES;
				CLANG_WARN_BOOL_CONVERSION = YES;
				CLANG_WARN_COMMA = YES;
				CLANG_WARN_CONSTANT_CONVERSION = YES;
				CLANG_WARN_DEPRECATED_OBJC_IMPLEMENTATIONS = YES;
				CLANG_WARN_DIRECT_OBJC_ISA_USAGE = YES_ERROR;
				CLANG_WARN_DOCUMENTATION_COMMENTS = YES;
				CLANG_WARN_EMPTY_BODY = YES;
				CLANG_WARN_ENUM_CONVERSION = YES;
				CLANG_WARN_INFINITE_RECURSION = YES;
				CLANG_WARN_INT_CONVERSION = YES;
				CLANG_WARN_NON_LITERAL_NULL_CONVERSION = YES;
				CLANG_WARN_OBJC_IMPLICIT_RETAIN_SELF = YES;
				CLANG_WARN_OBJC_LITERAL_CONVERSION = YES;
				CLANG_WARN_OBJC_ROOT_CLASS = YES_ERROR;
				CLANG_WARN_QUOTED_INCLUDE_IN_FRAMEWORK_HEADER = YES;
				CLANG_WARN_RANGE_LOOP_ANALYSIS = YES;
				CLANG_WARN_STRICT_PROTOTYPES = YES;
				CLANG_WARN_SUSPICIOUS_MOVE = YES;
				CLANG_WARN_UNGUARDED_AVAILABILITY = YES_AGGRESSIVE;
				CLANG_WARN_UNREACHABLE_CODE = YES;
				CLANG_WARN__DUPLICATE_METHOD_MATCH = YES;
				COPY_PHASE_STRIP = NO;
				DEBUG_INFORMATION_FORMAT = dwarf;
				ENABLE_STRICT_OBJC_MSGSEND = YES;
				ENABLE_TESTABILITY = YES;
				GCC_C_LANGUAGE_STANDARD = gnu11;
				GCC_DYNAMIC_NO_PIC = NO;
				GCC_NO_COMMON_BLOCKS = YES;
				GCC_OPTIMIZATION_LEVEL = 0;
				GCC_PREPROCESSOR_DEFINITIONS = (
					"DEBUG=1",
					"$(inherited)",
				);
				GCC_WARN_64_TO_32_BIT_CONVERSION = YES;
				GCC_WARN_ABOUT_RETURN_TYPE = YES_ERROR;
				GCC_WARN_UNDECLARED_SELECTOR = YES;
				GCC_WARN_UNINITIALIZED_AUTOS = YES_AGGRESSIVE;
				GCC_WARN_UNUSED_FUNCTION = YES;
				GCC_WARN_UNUSED_VARIABLE = YES;
				IPHONEOS_DEPLOYMENT_TARGET = 16.4;
				MTL_ENABLE_DEBUG_INFO = INCLUDE_SOURCE;
				MTL_FAST_MATH = YES;
				ONLY_ACTIVE_ARCH = YES;
				SDKROOT = iphoneos;
				SWIFT_ACTIVE_COMPILATION_CONDITIONS = DEBUG;
				SWIFT_OPTIMIZATION_LEVEL = "-Onone";
			};
			name = Debug;
		};
		227B2CEF2A98B2D500F36410 /* Release */ = {
			isa = XCBuildConfiguration;
			buildSettings = {
				ALWAYS_SEARCH_USER_PATHS = NO;
				CLANG_ANALYZER_NONNULL = YES;
				CLANG_ANALYZER_NUMBER_OBJECT_CONVERSION = YES_AGGRESSIVE;
				CLANG_CXX_LANGUAGE_STANDARD = "gnu++20";
				CLANG_ENABLE_MODULES = YES;
				CLANG_ENABLE_OBJC_ARC = YES;
				CLANG_ENABLE_OBJC_WEAK = YES;
				CLANG_WARN_BLOCK_CAPTURE_AUTORELEASING = YES;
				CLANG_WARN_BOOL_CONVERSION = YES;
				CLANG_WARN_COMMA = YES;
				CLANG_WARN_CONSTANT_CONVERSION = YES;
				CLANG_WARN_DEPRECATED_OBJC_IMPLEMENTATIONS = YES;
				CLANG_WARN_DIRECT_OBJC_ISA_USAGE = YES_ERROR;
				CLANG_WARN_DOCUMENTATION_COMMENTS = YES;
				CLANG_WARN_EMPTY_BODY = YES;
				CLANG_WARN_ENUM_CONVERSION = YES;
				CLANG_WARN_INFINITE_RECURSION = YES;
				CLANG_WARN_INT_CONVERSION = YES;
				CLANG_WARN_NON_LITERAL_NULL_CONVERSION = YES;
				CLANG_WARN_OBJC_IMPLICIT_RETAIN_SELF = YES;
				CLANG_WARN_OBJC_LITERAL_CONVERSION = YES;
				CLANG_WARN_OBJC_ROOT_CLASS = YES_ERROR;
				CLANG_WARN_QUOTED_INCLUDE_IN_FRAMEWORK_HEADER = YES;
				CLANG_WARN_RANGE_LOOP_ANALYSIS = YES;
				CLANG_WARN_STRICT_PROTOTYPES = YES;
				CLANG_WARN_SUSPICIOUS_MOVE = YES;
				CLANG_WARN_UNGUARDED_AVAILABILITY = YES_AGGRESSIVE;
				CLANG_WARN_UNREACHABLE_CODE = YES;
				CLANG_WARN__DUPLICATE_METHOD_MATCH = YES;
				COPY_PHASE_STRIP = NO;
				DEBUG_INFORMATION_FORMAT = "dwarf-with-dsym";
				ENABLE_NS_ASSERTIONS = NO;
				ENABLE_STRICT_OBJC_MSGSEND = YES;
				GCC_C_LANGUAGE_STANDARD = gnu11;
				GCC_NO_COMMON_BLOCKS = YES;
				GCC_WARN_64_TO_32_BIT_CONVERSION = YES;
				GCC_WARN_ABOUT_RETURN_TYPE = YES_ERROR;
				GCC_WARN_UNDECLARED_SELECTOR = YES;
				GCC_WARN_UNINITIALIZED_AUTOS = YES_AGGRESSIVE;
				GCC_WARN_UNUSED_FUNCTION = YES;
				GCC_WARN_UNUSED_VARIABLE = YES;
				IPHONEOS_DEPLOYMENT_TARGET = 16.4;
				MTL_ENABLE_DEBUG_INFO = NO;
				MTL_FAST_MATH = YES;
				SDKROOT = iphoneos;
				SWIFT_COMPILATION_MODE = wholemodule;
				SWIFT_OPTIMIZATION_LEVEL = "-O";
				VALIDATE_PRODUCT = YES;
			};
			name = Release;
		};
		227B2CF12A98B2D500F36410 /* Debug */ = {
			isa = XCBuildConfiguration;
			buildSettings = {
				ASSETCATALOG_COMPILER_APPICON_NAME = AppIcon;
				ASSETCATALOG_COMPILER_GLOBAL_ACCENT_COLOR_NAME = AccentColor;
				CODE_SIGN_STYLE = Automatic;
				CURRENT_PROJECT_VERSION = 1;
				DEVELOPMENT_TEAM = 8R7XG2SSVB;
				GENERATE_INFOPLIST_FILE = YES;
				INFOPLIST_FILE = FirebaseAPPNew/Info.plist;
				INFOPLIST_KEY_UIApplicationSupportsIndirectInputEvents = YES;
				INFOPLIST_KEY_UILaunchStoryboardName = LaunchScreen;
				INFOPLIST_KEY_UIMainStoryboardFile = Main;
				INFOPLIST_KEY_UISupportedInterfaceOrientations_iPad = "UIInterfaceOrientationPortrait UIInterfaceOrientationPortraitUpsideDown UIInterfaceOrientationLandscapeLeft UIInterfaceOrientationLandscapeRight";
				INFOPLIST_KEY_UISupportedInterfaceOrientations_iPhone = "UIInterfaceOrientationPortrait UIInterfaceOrientationLandscapeLeft UIInterfaceOrientationLandscapeRight";
				LD_RUNPATH_SEARCH_PATHS = (
					"$(inherited)",
					"@executable_path/Frameworks",
				);
				MARKETING_VERSION = 1.0;
				PRODUCT_BUNDLE_IDENTIFIER = Syntax.FirebaseAPPNew;
				PRODUCT_NAME = "$(TARGET_NAME)";
				SWIFT_EMIT_LOC_STRINGS = YES;
				SWIFT_VERSION = 5.0;
				TARGETED_DEVICE_FAMILY = "1,2";
			};
			name = Debug;
		};
		227B2CF22A98B2D500F36410 /* Release */ = {
			isa = XCBuildConfiguration;
			buildSettings = {
				ASSETCATALOG_COMPILER_APPICON_NAME = AppIcon;
				ASSETCATALOG_COMPILER_GLOBAL_ACCENT_COLOR_NAME = AccentColor;
				CODE_SIGN_STYLE = Automatic;
				CURRENT_PROJECT_VERSION = 1;
				DEVELOPMENT_TEAM = 8R7XG2SSVB;
				GENERATE_INFOPLIST_FILE = YES;
				INFOPLIST_FILE = FirebaseAPPNew/Info.plist;
				INFOPLIST_KEY_UIApplicationSupportsIndirectInputEvents = YES;
				INFOPLIST_KEY_UILaunchStoryboardName = LaunchScreen;
				INFOPLIST_KEY_UIMainStoryboardFile = Main;
				INFOPLIST_KEY_UISupportedInterfaceOrientations_iPad = "UIInterfaceOrientationPortrait UIInterfaceOrientationPortraitUpsideDown UIInterfaceOrientationLandscapeLeft UIInterfaceOrientationLandscapeRight";
				INFOPLIST_KEY_UISupportedInterfaceOrientations_iPhone = "UIInterfaceOrientationPortrait UIInterfaceOrientationLandscapeLeft UIInterfaceOrientationLandscapeRight";
				LD_RUNPATH_SEARCH_PATHS = (
					"$(inherited)",
					"@executable_path/Frameworks",
				);
				MARKETING_VERSION = 1.0;
				PRODUCT_BUNDLE_IDENTIFIER = Syntax.FirebaseAPPNew;
				PRODUCT_NAME = "$(TARGET_NAME)";
				SWIFT_EMIT_LOC_STRINGS = YES;
				SWIFT_VERSION = 5.0;
				TARGETED_DEVICE_FAMILY = "1,2";
			};
			name = Release;
		};
		227B2CF42A98B2D500F36410 /* Debug */ = {
			isa = XCBuildConfiguration;
			buildSettings = {
				ALWAYS_EMBED_SWIFT_STANDARD_LIBRARIES = YES;
				BUNDLE_LOADER = "$(TEST_HOST)";
				CODE_SIGN_STYLE = Automatic;
				CURRENT_PROJECT_VERSION = 1;
				DEVELOPMENT_TEAM = 8R7XG2SSVB;
				GENERATE_INFOPLIST_FILE = YES;
				IPHONEOS_DEPLOYMENT_TARGET = 16.4;
				MARKETING_VERSION = 1.0;
				PRODUCT_BUNDLE_IDENTIFIER = Syntax.FirebaseAPPNewTests;
				PRODUCT_NAME = "$(TARGET_NAME)";
				SWIFT_EMIT_LOC_STRINGS = NO;
				SWIFT_VERSION = 5.0;
				TARGETED_DEVICE_FAMILY = "1,2";
				TEST_HOST = "$(BUILT_PRODUCTS_DIR)/FirebaseAPPNew.app/$(BUNDLE_EXECUTABLE_FOLDER_PATH)/FirebaseAPPNew";
			};
			name = Debug;
		};
		227B2CF52A98B2D500F36410 /* Release */ = {
			isa = XCBuildConfiguration;
			buildSettings = {
				ALWAYS_EMBED_SWIFT_STANDARD_LIBRARIES = YES;
				BUNDLE_LOADER = "$(TEST_HOST)";
				CODE_SIGN_STYLE = Automatic;
				CURRENT_PROJECT_VERSION = 1;
				DEVELOPMENT_TEAM = 8R7XG2SSVB;
				GENERATE_INFOPLIST_FILE = YES;
				IPHONEOS_DEPLOYMENT_TARGET = 16.4;
				MARKETING_VERSION = 1.0;
				PRODUCT_BUNDLE_IDENTIFIER = Syntax.FirebaseAPPNewTests;
				PRODUCT_NAME = "$(TARGET_NAME)";
				SWIFT_EMIT_LOC_STRINGS = NO;
				SWIFT_VERSION = 5.0;
				TARGETED_DEVICE_FAMILY = "1,2";
				TEST_HOST = "$(BUILT_PRODUCTS_DIR)/FirebaseAPPNew.app/$(BUNDLE_EXECUTABLE_FOLDER_PATH)/FirebaseAPPNew";
			};
			name = Release;
		};
		227B2CF72A98B2D500F36410 /* Debug */ = {
			isa = XCBuildConfiguration;
			buildSettings = {
				ALWAYS_EMBED_SWIFT_STANDARD_LIBRARIES = YES;
				CODE_SIGN_STYLE = Automatic;
				CURRENT_PROJECT_VERSION = 1;
				DEVELOPMENT_TEAM = 8R7XG2SSVB;
				GENERATE_INFOPLIST_FILE = YES;
				MARKETING_VERSION = 1.0;
				PRODUCT_BUNDLE_IDENTIFIER = Syntax.FirebaseAPPNewUITests;
				PRODUCT_NAME = "$(TARGET_NAME)";
				SWIFT_EMIT_LOC_STRINGS = NO;
				SWIFT_VERSION = 5.0;
				TARGETED_DEVICE_FAMILY = "1,2";
				TEST_TARGET_NAME = FirebaseAPPNew;
			};
			name = Debug;
		};
		227B2CF82A98B2D500F36410 /* Release */ = {
			isa = XCBuildConfiguration;
			buildSettings = {
				ALWAYS_EMBED_SWIFT_STANDARD_LIBRARIES = YES;
				CODE_SIGN_STYLE = Automatic;
				CURRENT_PROJECT_VERSION = 1;
				DEVELOPMENT_TEAM = 8R7XG2SSVB;
				GENERATE_INFOPLIST_FILE = YES;
				MARKETING_VERSION = 1.0;
				PRODUCT_BUNDLE_IDENTIFIER = Syntax.FirebaseAPPNewUITests;
				PRODUCT_NAME = "$(TARGET_NAME)";
				SWIFT_EMIT_LOC_STRINGS = NO;
				SWIFT_VERSION = 5.0;
				TARGETED_DEVICE_FAMILY = "1,2";
				TEST_TARGET_NAME = FirebaseAPPNew;
			};
			name = Release;
		};
/* End XCBuildConfiguration section */

/* Begin XCConfigurationList section */
		227B2CC12A98B2D400F36410 /* Build configuration list for PBXProject "FirebaseAPPNew" */ = {
			isa = XCConfigurationList;
			buildConfigurations = (
				227B2CEE2A98B2D500F36410 /* Debug */,
				227B2CEF2A98B2D500F36410 /* Release */,
			);
			defaultConfigurationIsVisible = 0;
			defaultConfigurationName = Release;
		};
		227B2CF02A98B2D500F36410 /* Build configuration list for PBXNativeTarget "FirebaseAPPNew" */ = {
			isa = XCConfigurationList;
			buildConfigurations = (
				227B2CF12A98B2D500F36410 /* Debug */,
				227B2CF22A98B2D500F36410 /* Release */,
			);
			defaultConfigurationIsVisible = 0;
			defaultConfigurationName = Release;
		};
		227B2CF32A98B2D500F36410 /* Build configuration list for PBXNativeTarget "FirebaseAPPNewTests" */ = {
			isa = XCConfigurationList;
			buildConfigurations = (
				227B2CF42A98B2D500F36410 /* Debug */,
				227B2CF52A98B2D500F36410 /* Release */,
			);
			defaultConfigurationIsVisible = 0;
			defaultConfigurationName = Release;
		};
		227B2CF62A98B2D500F36410 /* Build configuration list for PBXNativeTarget "FirebaseAPPNewUITests" */ = {
			isa = XCConfigurationList;
			buildConfigurations = (
				227B2CF72A98B2D500F36410 /* Debug */,
				227B2CF82A98B2D500F36410 /* Release */,
			);
			defaultConfigurationIsVisible = 0;
			defaultConfigurationName = Release;
		};
/* End XCConfigurationList section */
	};
	rootObject = 227B2CBE2A98B2D400F36410 /* Project object */;
}
